{
  "name": "graphvideo-demo-topology-plugin",
  "version": "1.0.0",
  "lockfileVersion": 3,
  "requires": true,
  "packages": {
    "": {
      "name": "graphvideo-demo-topology-plugin",
      "version": "1.0.0",
      "dependencies": {
        "@graphvideo/desktop": "file:../../../packages/desktop",
        "@graphvideo/sdk": "file:../../../packages/sdk/javascript"
      }
    },
    "../../../packages/desktop": {
      "name": "@graphvideo/desktop",
      "version": "1.0.0",
      "dependencies": {
        "@graphvideo/client": "file:../frontend/client",
        "@graphvideo/context": "file:../frontend/context",
        "@graphvideo/sdk": "file:../sdk/javascript",
        "@graphvideo/theme": "file:../frontend/theme",
        "@graphvideo/ui": "file:../frontend/ui",
        "@graphvideo/workbench": "file:../frontend/workbench",
        "@modelcontextprotocol/sdk": "^1.30.0",
        "lucide-react": "^1.44.0",
        "react": "^19.0.0",
        "react-dom": "^19.0.0",
        "yaml": "^2.9.1"
      },
      "devDependencies": {
        "@types/react": "^19.0.0",
        "@types/react-dom": "^19.0.0",
        "@vitejs/plugin-react": "^4.0.0",
        "electron": "^35.7.5",
        "esbuild": "^0.25.0",
        "jsdom": "^26.1.0",
        "tsx": "^4.23.0",
        "typescript": "^5.0.0",
        "vite": "^6.0.0",
        "vitest": "^3.0.0"
      }
    },
    "../../../packages/sdk/javascript": {
      "name": "@graphvideo/sdk",
      "version": "1.0.3",
      "license": "Apache-2.0",
      "bin": {
        "graphvideo-init": "bin/graphvideo-init.mjs"
      },
      "devDependencies": {
        "typescript": "^5.0.0",
        "vite": "^6.0.0",
        "vitest": "^3.0.0"
      },
      "peerDependencies": {
        "typescript": "^5.0.0"
      }
    },
    "node_modules/@graphvideo/desktop": {
      "resolved": "../../../packages/desktop",
      "link": true
    },
    "node_modules/@graphvideo/sdk": {
      "resolved": "../../../packages/sdk/javascript",
      "link": true
    }
  }
}
